// !$*UTF8*$!
{
	archiveVersion = 1;
	classes = {
	};
	objectVersion = 50;
	objects = {

/* Begin PBXBuildFile section */
		6E390F96F6448333EFC57E90 /* Pods_CoreLocationARKit.framework in Frameworks */ = {isa = PBXBuildFile; fileRef = ACADBD555273A6DF96C1AB8B /* Pods_CoreLocationARKit.framework */; };
		DCC7ADB922513E1C00D0E779 /* AppDelegate.swift in Sources */ = {isa = PBXBuildFile; fileRef = DCC7ADB822513E1C00D0E779 /* AppDelegate.swift */; };
		DCC7ADBB22513E1C00D0E779 /* ViewController.swift in Sources */ = {isa = PBXBuildFile; fileRef = DCC7ADBA22513E1C00D0E779 /* ViewController.swift */; };
		DCC7ADBE22513E1C00D0E779 /* Main.storyboard in Resources */ = {isa = PBXBuildFile; fileRef = DCC7ADBC22513E1C00D0E779 /* Main.storyboard */; };
		DCC7ADC022513E1D00D0E779 /* Assets.xcassets in Resources */ = {isa = PBXBuildFile; fileRef = DCC7ADBF22513E1D00D0E779 /* Assets.xcassets */; };
		DCC7ADC322513E1D00D0E779 /* LaunchScreen.storyboard in Resources */ = {isa = PBXBuildFile; fileRef = DCC7ADC122513E1D00D0E779 /* LaunchScreen.storyboard */; };
		DCC7ADCB22513FA700D0E779 /* BuildingsViewController.swift in Sources */ = {isa = PBXBuildFile; fileRef = DCC7ADCA22513FA700D0E779 /* BuildingsViewController.swift */; };
		DCC7ADD022515DCE00D0E779 /* PlaceAnnotation.swift in Sources */ = {isa = PBXBuildFile; fileRef = DCC7ADCF22515DCE00D0E779 /* PlaceAnnotation.swift */; };
		DCC7ADD82251A6EC00D0E779 /* UCFNavViewController.swift in Sources */ = {isa = PBXBuildFile; fileRef = DCC7ADD72251A6EC00D0E779 /* UCFNavViewController.swift */; };
		DCC7ADDA2251B02B00D0E779 /* map-pin.png in Resources */ = {isa = PBXBuildFile; fileRef = DCC7ADD92251B02B00D0E779 /* map-pin.png */; };
/* End PBXBuildFile section */

/* Begin PBXFileReference section */
		0BBC7AF4E96C9843C74A6E9A /* Pods-CoreLocationARKit.debug.xcconfig */ = {isa = PBXFileReference; includeInIndex = 1; lastKnownFileType = text.xcconfig; name = "Pods-CoreLocationARKit.debug.xcconfig"; path = "Target Support Files/Pods-CoreLocationARKit/Pods-CoreLocationARKit.debug.xcconfig"; sourceTree = "<group>"; };
		8B6A2E124EF718DC9ABBAA89 /* Pods-CoreLocationARKit.release.xcconfig */ = {isa = PBXFileReference; includeInIndex = 1; lastKnownFileType = text.xcconfig; name = "Pods-CoreLocationARKit.release.xcconfig"; path = "Target Support Files/Pods-CoreLocationARKit/Pods-CoreLocationARKit.release.xcconfig"; sourceTree = "<group>"; };
		ACADBD555273A6DF96C1AB8B /* Pods_CoreLocationARKit.framework */ = {isa = PBXFileReference; explicitFileType = wrapper.framework; includeInIndex = 0; path = Pods_CoreLocationARKit.framework; sourceTree = BUILT_PRODUCTS_DIR; };
		DCC7ADB522513E1C00D0E779 /* CoreLocationARKit.app */ = {isa = PBXFileReference; explicitFileType = wrapper.application; includeInIndex = 0; path = CoreLocationARKit.app; sourceTree = BUILT_PRODUCTS_DIR; };
		DCC7ADB822513E1C00D0E779 /* AppDelegate.swift */ = {isa = PBXFileReference; lastKnownFileType = sourcecode.swift; path = AppDelegate.swift; sourceTree = "<group>"; };
		DCC7ADBA22513E1C00D0E779 /* ViewController.swift */ = {isa = PBXFileReference; lastKnownFileType = sourcecode.swift; path = ViewController.swift; sourceTree = "<group>"; };
		DCC7ADBD22513E1C00D0E779 /* Base */ = {isa = PBXFileReference; lastKnownFileType = file.storyboard; name = Base; path = Base.lproj/Main.storyboard; sourceTree = "<group>"; };
		DCC7ADBF22513E1D00D0E779 /* Assets.xcassets */ = {isa = PBXFileReference; lastKnownFileType = folder.assetcatalog; path = Assets.xcassets; sourceTree = "<group>"; };
		DCC7ADC222513E1D00D0E779 /* Base */ = {isa = PBXFileReference; lastKnownFileType = file.storyboard; name = Base; path = Base.lproj/LaunchScreen.storyboard; sourceTree = "<group>"; };
		DCC7ADC422513E1D00D0E779 /* Info.plist */ = {isa = PBXFileReference; lastKnownFileType = text.plist.xml; path = Info.plist; sourceTree = "<group>"; };
		DCC7ADCA22513FA700D0E779 /* BuildingsViewController.swift */ = {isa = PBXFileReference; lastKnownFileType = sourcecode.swift; path = BuildingsViewController.swift; sourceTree = "<group>"; };
		DCC7ADCF22515DCE00D0E779 /* PlaceAnnotation.swift */ = {isa = PBXFileReference; lastKnownFileType = sourcecode.swift; path = PlaceAnnotation.swift; sourceTree = "<group>"; };
		DCC7ADD72251A6EC00D0E779 /* UCFNavViewController.swift */ = {isa = PBXFileReference; lastKnownFileType = sourcecode.swift; path = UCFNavViewController.swift; sourceTree = "<group>"; };
		DCC7ADD92251B02B00D0E779 /* map-pin.png */ = {isa = PBXFileReference; lastKnownFileType = image.png; path = "map-pin.png"; sourceTree = "<group>"; };
/* End PBXFileReference section */

/* Begin PBXFrameworksBuildPhase section */
		DCC7ADB222513E1C00D0E779 /* Frameworks */ = {
			isa = PBXFrameworksBuildPhase;
			buildActionMask = 2147483647;
			files = (
				6E390F96F6448333EFC57E90 /* Pods_CoreLocationARKit.framework in Frameworks */,
			);
			runOnlyForDeploymentPostprocessing = 0;
		};
/* End PBXFrameworksBuildPhase section */

/* Begin PBXGroup section */
		18A7375C4D44F98FC27855E6 /* Pods */ = {
			isa = PBXGroup;
			children = (
				0BBC7AF4E96C9843C74A6E9A /* Pods-CoreLocationARKit.debug.xcconfig */,
				8B6A2E124EF718DC9ABBAA89 /* Pods-CoreLocationARKit.release.xcconfig */,
			);
			path = Pods;
			sourceTree = "<group>";
		};
		DCC7ADAC22513E1C00D0E779 = {
			isa = PBXGroup;
			children = (
				DCC7ADB722513E1C00D0E779 /* CoreLocationARKit */,
				DCC7ADB622513E1C00D0E779 /* Products */,
				18A7375C4D44F98FC27855E6 /* Pods */,
				EAFF05EA0C62F42887C9BB9B /* Frameworks */,
			);
			sourceTree = "<group>";
		};
		DCC7ADB622513E1C00D0E779 /* Products */ = {
			isa = PBXGroup;
			children = (
				DCC7ADB522513E1C00D0E779 /* CoreLocationARKit.app */,
			);
			name = Products;
			sourceTree = "<group>";
		};
		DCC7ADB722513E1C00D0E779 /* CoreLocationARKit */ = {
			isa = PBXGroup;
			children = (
				DCC7ADB822513E1C00D0E779 /* AppDelegate.swift */,
				DCC7ADCF22515DCE00D0E779 /* PlaceAnnotation.swift */,
				DCC7ADD92251B02B00D0E779 /* map-pin.png */,
				DCC7ADCC2251400C00D0E779 /* Controllers */,
				DCC7ADBC22513E1C00D0E779 /* Main.storyboard */,
				DCC7ADC122513E1D00D0E779 /* LaunchScreen.storyboard */,
				DCC7ADBF22513E1D00D0E779 /* Assets.xcassets */,
				DCC7ADC422513E1D00D0E779 /* Info.plist */,
			);
			path = CoreLocationARKit;
			sourceTree = "<group>";
		};
		DCC7ADCC2251400C00D0E779 /* Controllers */ = {
			isa = PBXGroup;
			children = (
				DCC7ADBA22513E1C00D0E779 /* ViewController.swift */,
				DCC7ADD72251A6EC00D0E779 /* UCFNavViewController.swift */,
				DCC7ADCA22513FA700D0E779 /* BuildingsViewController.swift */,
			);
			path = Controllers;
			sourceTree = "<group>";
		};
		EAFF05EA0C62F42887C9BB9B /* Frameworks */ = {
			isa = PBXGroup;
			children = (
				ACADBD555273A6DF96C1AB8B /* Pods_CoreLocationARKit.framework */,
			);
			name = Frameworks;
			sourceTree = "<group>";
		};
/* End PBXGroup section */

/* Begin PBXNativeTarget section */
		DCC7ADB422513E1C00D0E779 /* CoreLocationARKit */ = {
			isa = PBXNativeTarget;
			buildConfigurationList = DCC7ADC722513E1D00D0E779 /* Build configuration list for PBXNativeTarget "CoreLocationARKit" */;
			buildPhases = (
				53F1B3816541BB5A62F61575 /* [CP] Check Pods Manifest.lock */,
				DCC7ADB122513E1C00D0E779 /* Sources */,
				DCC7ADB222513E1C00D0E779 /* Frameworks */,
				DCC7ADB322513E1C00D0E779 /* Resources */,
				9574AA20C467167F349EB31E /* [CP] Embed Pods Frameworks */,
			);
			buildRules = (
			);
			dependencies = (
			);
			name = CoreLocationARKit;
			productName = CoreLocationARKit;
			productReference = DCC7ADB522513E1C00D0E779 /* CoreLocationARKit.app */;
			productType = "com.apple.product-type.application";
		};
/* End PBXNativeTarget section */

/* Begin PBXProject section */
		DCC7ADAD22513E1C00D0E779 /* Project object */ = {
			isa = PBXProject;
			attributes = {
				LastSwiftUpdateCheck = 1010;
				LastUpgradeCheck = 1010;
				ORGANIZATIONNAME = Brundage;
				TargetAttributes = {
					DCC7ADB422513E1C00D0E779 = {
						CreatedOnToolsVersion = 10.1;
					};
				};
			};
			buildConfigurationList = DCC7ADB022513E1C00D0E779 /* Build configuration list for PBXProject "CoreLocationARKit" */;
			compatibilityVersion = "Xcode 9.3";
			developmentRegion = en;
			hasScannedForEncodings = 0;
			knownRegions = (
				en,
				Base,
			);
			mainGroup = DCC7ADAC22513E1C00D0E779;
			productRefGroup = DCC7ADB622513E1C00D0E779 /* Products */;
			projectDirPath = "";
			projectRoot = "";
			targets = (
				DCC7ADB422513E1C00D0E779 /* CoreLocationARKit */,
			);
		};
/* End PBXProject section */

/* Begin PBXResourcesBuildPhase section */
		DCC7ADB322513E1C00D0E779 /* Resources */ = {
			isa = PBXResourcesBuildPhase;
			buildActionMask = 2147483647;
			files = (
				DCC7ADDA2251B02B00D0E779 /* map-pin.png in Resources */,
				DCC7ADC322513E1D00D0E779 /* LaunchScreen.storyboard in Resources */,
				DCC7ADC022513E1D00D0E779 /* Assets.xcassets in Resources */,
				DCC7ADBE22513E1C00D0E779 /* Main.storyboard in Resources */,
			);
			runOnlyForDeploymentPostprocessing = 0;
		};
/* End PBXResourcesBuildPhase section */

/* Begin PBXShellScriptBuildPhase section */
		53F1B3816541BB5A62F61575 /* [CP] Check Pods Manifest.lock */ = {
			isa = PBXShellScriptBuildPhase;
			buildActionMask = 2147483647;
			files = (
			);
			inputFileListPaths = (
			);
			inputPaths = (
				"${PODS_PODFILE_DIR_PATH}/Podfile.lock",
				"${PODS_ROOT}/Manifest.lock",
			);
			name = "[CP] Check Pods Manifest.lock";
			outputFileListPaths = (
			);
			outputPaths = (
				"$(DERIVED_FILE_DIR)/Pods-CoreLocationARKit-checkManifestLockResult.txt",
			);
			runOnlyForDeploymentPostprocessing = 0;
			shellPath = /bin/sh;
			shellScript = "diff \"${PODS_PODFILE_DIR_PATH}/Podfile.lock\" \"${PODS_ROOT}/Manifest.lock\" > /dev/null\nif [ $? != 0 ] ; then\n    # print error to STDERR\n    echo \"error: The sandbox is not in sync with the Podfile.lock. Run 'pod install' or update your CocoaPods installation.\" >&2\n    exit 1\nfi\n# This output is used by Xcode 'outputs' to avoid re-running this script phase.\necho \"SUCCESS\" > \"${SCRIPT_OUTPUT_FILE_0}\"\n";
			showEnvVarsInLog = 0;
		};
		9574AA20C467167F349EB31E /* [CP] Embed Pods Frameworks */ = {
			isa = PBXShellScriptBuildPhase;
			buildActionMask = 2147483647;
			files = (
			);
			inputFileListPaths = (
			);
			inputPaths = (
				"${PODS_ROOT}/Target Support Files/Pods-CoreLocationARKit/Pods-CoreLocationARKit-frameworks.sh",
				"${BUILT_PRODUCTS_DIR}/ARCL/ARCL.framework",
			);
			name = "[CP] Embed Pods Frameworks";
			outputFileListPaths = (
			);
			outputPaths = (
				"${TARGET_BUILD_DIR}/${FRAMEWORKS_FOLDER_PATH}/ARCL.framework",
			);
			runOnlyForDeploymentPostprocessing = 0;
			shellPath = /bin/sh;
			shellScript = "\"${PODS_ROOT}/Target Support Files/Pods-CoreLocationARKit/Pods-CoreLocationARKit-frameworks.sh\"\n";
			showEnvVarsInLog = 0;
		};
/* End PBXShellScriptBuildPhase section */

/* Begin PBXSourcesBuildPhase section */
		DCC7ADB122513E1C00D0E779 /* Sources */ = {
			isa = PBXSourcesBuildPhase;
			buildActionMask = 2147483647;
			files = (
				DCC7ADD82251A6EC00D0E779 /* UCFNavViewController.swift in Sources */,
				DCC7ADD022515DCE00D0E779 /* PlaceAnnotation.swift in Sources */,
				DCC7ADBB22513E1C00D0E779 /* ViewController.swift in Sources */,
				DCC7ADB922513E1C00D0E779 /* AppDelegate.swift in Sources */,
				DCC7ADCB22513FA700D0E779 /* BuildingsViewController.swift in Sources */,
			);
			runOnlyForDeploymentPostprocessing = 0;
		};
/* End PBXSourcesBuildPhase section */

/* Begin PBXVariantGroup section */
		DCC7ADBC22513E1C00D0E779 /* Main.storyboard */ = {
			isa = PBXVariantGroup;
			children = (
				DCC7ADBD22513E1C00D0E779 /* Base */,
			);
			name = Main.storyboard;
			sourceTree = "<group>";
		};
		DCC7ADC122513E1D00D0E779 /* LaunchScreen.storyboard */ = {
			isa = PBXVariantGroup;
			children = (
				DCC7ADC222513E1D00D0E779 /* Base */,
			);
			name = LaunchScreen.storyboard;
			sourceTree = "<group>";
		};
/* End PBXVariantGroup section */

/* Begin XCBuildConfiguration section */
		DCC7ADC522513E1D00D0E779 /* Debug */ = {
			isa = XCBuildConfiguration;
			buildSettings = {
				ALWAYS_SEARCH_USER_PATHS = NO;
				CLANG_ANALYZER_NONNULL = YES;
				CLANG_ANALYZER_NUMBER_OBJECT_CONVERSION = YES_AGGRESSIVE;
				CLANG_CXX_LANGUAGE_STANDARD = "gnu++14";
				CLANG_CXX_LIBRARY = "libc++";
				CLANG_ENABLE_MODULES = YES;
				CLANG_ENABLE_OBJC_ARC = YES;
				CLANG_ENABLE_OBJC_WEAK = YES;
				CLANG_WARN_BLOCK_CAPTURE_AUTORELEASING = YES;
				CLANG_WARN_BOOL_CONVERSION = YES;
				CLANG_WARN_COMMA = YES;
				CLANG_WARN_CONSTANT_CONVERSION = YES;
				CLANG_WARN_DEPRECATED_OBJC_IMPLEMENTATIONS = YES;
				CLANG_WARN_DIRECT_OBJC_ISA_USAGE = YES_ERROR;
				CLANG_WARN_DOCUMENTATION_COMMENTS = YES;
				CLANG_WARN_EMPTY_BODY = YES;
				CLANG_WARN_ENUM_CONVERSION = YES;
				CLANG_WARN_INFINITE_RECURSION = YES;
				CLANG_WARN_INT_CONVERSION = YES;
				CLANG_WARN_NON_LITERAL_NULL_CONVERSION = YES;
				CLANG_WARN_OBJC_IMPLICIT_RETAIN_SELF = YES;
				CLANG_WARN_OBJC_LITERAL_CONVERSION = YES;
				CLANG_WARN_OBJC_ROOT_CLASS = YES_ERROR;
				CLANG_WARN_RANGE_LOOP_ANALYSIS = YES;
				CLANG_WARN_STRICT_PROTOTYPES = YES;
				CLANG_WARN_SUSPICIOUS_MOVE = YES;
				CLANG_WARN_UNGUARDED_AVAILABILITY = YES_AGGRESSIVE;
				CLANG_WARN_UNREACHABLE_CODE = YES;
				CLANG_WARN__DUPLICATE_METHOD_MATCH = YES;
				CODE_SIGN_IDENTITY = "iPhone Developer";
				COPY_PHASE_STRIP = NO;
				DEBUG_INFORMATION_FORMAT = dwarf;
				ENABLE_STRICT_OBJC_MSGSEND = YES;
				ENABLE_TESTABILITY = YES;
				GCC_C_LANGUAGE_STANDARD = gnu11;
				GCC_DYNAMIC_NO_PIC = NO;
				GCC_NO_COMMON_BLOCKS = YES;
				GCC_OPTIMIZATION_LEVEL = 0;
				GCC_PREPROCESSOR_DEFINITIONS = (
					"DEBUG=1",
					"$(inherited)",
				);
				GCC_WARN_64_TO_32_BIT_CONVERSION = YES;
				GCC_WARN_ABOUT_RETURN_TYPE = YES_ERROR;
				GCC_WARN_UNDECLARED_SELECTOR = YES;
				GCC_WARN_UNINITIALIZED_AUTOS = YES_AGGRESSIVE;
				GCC_WARN_UNUSED_FUNCTION = YES;
				GCC_WARN_UNUSED_VARIABLE = YES;
				IPHONEOS_DEPLOYMENT_TARGET = 12.1;
				MTL_ENABLE_DEBUG_INFO = INCLUDE_SOURCE;
				MTL_FAST_MATH = YES;
				ONLY_ACTIVE_ARCH = YES;
				SDKROOT = iphoneos;
				SWIFT_ACTIVE_COMPILATION_CONDITIONS = DEBUG;
				SWIFT_OPTIMIZATION_LEVEL = "-Onone";
			};
			name = Debug;
		};
		DCC7ADC622513E1D00D0E779 /* Release */ = {
			isa = XCBuildConfiguration;
			buildSettings = {
				ALWAYS_SEARCH_USER_PATHS = NO;
				CLANG_ANALYZER_NONNULL = YES;
				CLANG_ANALYZER_NUMBER_OBJECT_CONVERSION = YES_AGGRESSIVE;
				CLANG_CXX_LANGUAGE_STANDARD = "gnu++14";
				CLANG_CXX_LIBRARY = "libc++";
				CLANG_ENABLE_MODULES = YES;
				CLANG_ENABLE_OBJC_ARC = YES;
				CLANG_ENABLE_OBJC_WEAK = YES;
				CLANG_WARN_BLOCK_CAPTURE_AUTORELEASING = YES;
				CLANG_WARN_BOOL_CONVERSION = YES;
				CLANG_WARN_COMMA = YES;
				CLANG_WARN_CONSTANT_CONVERSION = YES;
				CLANG_WARN_DEPRECATED_OBJC_IMPLEMENTATIONS = YES;
				CLANG_WARN_DIRECT_OBJC_ISA_USAGE = YES_ERROR;
				CLANG_WARN_DOCUMENTATION_COMMENTS = YES;
				CLANG_WARN_EMPTY_BODY = YES;
				CLANG_WARN_ENUM_CONVERSION = YES;
				CLANG_WARN_INFINITE_RECURSION = YES;
				CLANG_WARN_INT_CONVERSION = YES;
				CLANG_WARN_NON_LITERAL_NULL_CONVERSION = YES;
				CLANG_WARN_OBJC_IMPLICIT_RETAIN_SELF = YES;
				CLANG_WARN_OBJC_LITERAL_CONVERSION = YES;
				CLANG_WARN_OBJC_ROOT_CLASS = YES_ERROR;
				CLANG_WARN_RANGE_LOOP_ANALYSIS = YES;
				CLANG_WARN_STRICT_PROTOTYPES = YES;
				CLANG_WARN_SUSPICIOUS_MOVE = YES;
				CLANG_WARN_UNGUARDED_AVAILABILITY = YES_AGGRESSIVE;
				CLANG_WARN_UNREACHABLE_CODE = YES;
				CLANG_WARN__DUPLICATE_METHOD_MATCH = YES;
				CODE_SIGN_IDENTITY = "iPhone Developer";
				COPY_PHASE_STRIP = NO;
				DEBUG_INFORMATION_FORMAT = "dwarf-with-dsym";
				ENABLE_NS_ASSERTIONS = NO;
				ENABLE_STRICT_OBJC_MSGSEND = YES;
				GCC_C_LANGUAGE_STANDARD = gnu11;
				GCC_NO_COMMON_BLOCKS = YES;
				GCC_WARN_64_TO_32_BIT_CONVERSION = YES;
				GCC_WARN_ABOUT_RETURN_TYPE = YES_ERROR;
				GCC_WARN_UNDECLARED_SELECTOR = YES;
				GCC_WARN_UNINITIALIZED_AUTOS = YES_AGGRESSIVE;
				GCC_WARN_UNUSED_FUNCTION = YES;
				GCC_WARN_UNUSED_VARIABLE = YES;
				IPHONEOS_DEPLOYMENT_TARGET = 12.1;
				MTL_ENABLE_DEBUG_INFO = NO;
				MTL_FAST_MATH = YES;
				SDKROOT = iphoneos;
				SWIFT_COMPILATION_MODE = wholemodule;
				SWIFT_OPTIMIZATION_LEVEL = "-O";
				VALIDATE_PRODUCT = YES;
			};
			name = Release;
		};
		DCC7ADC822513E1D00D0E779 /* Debug */ = {
			isa = XCBuildConfiguration;
			baseConfigurationReference = 0BBC7AF4E96C9843C74A6E9A /* Pods-CoreLocationARKit.debug.xcconfig */;
			buildSettings = {
				ASSETCATALOG_COMPILER_APPICON_NAME = AppIcon;
				CODE_SIGN_STYLE = Automatic;
				DEVELOPMENT_TEAM = J7U54B96T9;
				INFOPLIST_FILE = CoreLocationARKit/Info.plist;
				LD_RUNPATH_SEARCH_PATHS = (
					"$(inherited)",
					"@executable_path/Frameworks",
				);
				PRODUCT_BUNDLE_IDENTIFIER = com.BrundageCo.CoreLocationARKit;
				PRODUCT_NAME = "$(TARGET_NAME)";
				SWIFT_VERSION = 4.2;
				TARGETED_DEVICE_FAMILY = "1,2";
			};
			name = Debug;
		};
		DCC7ADC922513E1D00D0E779 /* Release */ = {
			isa = XCBuildConfiguration;
			baseConfigurationReference = 8B6A2E124EF718DC9ABBAA89 /* Pods-CoreLocationARKit.release.xcconfig */;
			buildSettings = {
				ASSETCATALOG_COMPILER_APPICON_NAME = AppIcon;
				CODE_SIGN_STYLE = Automatic;
				DEVELOPMENT_TEAM = J7U54B96T9;
				INFOPLIST_FILE = CoreLocationARKit/Info.plist;
				LD_RUNPATH_SEARCH_PATHS = (
					"$(inherited)",
					"@executable_path/Frameworks",
				);
				PRODUCT_BUNDLE_IDENTIFIER = com.BrundageCo.CoreLocationARKit;
				PRODUCT_NAME = "$(TARGET_NAME)";
				SWIFT_VERSION = 4.2;
				TARGETED_DEVICE_FAMILY = "1,2";
			};
			name = Release;
		};
/* End XCBuildConfiguration section */

/* Begin XCConfigurationList section */
		DCC7ADB022513E1C00D0E779 /* Build configuration list for PBXProject "CoreLocationARKit" */ = {
			isa = XCConfigurationList;
			buildConfigurations = (
				DCC7ADC522513E1D00D0E779 /* Debug */,
				DCC7ADC622513E1D00D0E779 /* Release */,
			);
			defaultConfigurationIsVisible = 0;
			defaultConfigurationName = Release;
		};
		DCC7ADC722513E1D00D0E779 /* Build configuration list for PBXNativeTarget "CoreLocationARKit" */ = {
			isa = XCConfigurationList;
			buildConfigurations = (
				DCC7ADC822513E1D00D0E779 /* Debug */,
				DCC7ADC922513E1D00D0E779 /* Release */,
			);
			defaultConfigurationIsVisible = 0;
			defaultConfigurationName = Release;
		};
/* End XCConfigurationList section */
	};
	rootObject = DCC7ADAD22513E1C00D0E779 /* Project object */;
}
