// !$*UTF8*$!
{
	archiveVersion = 1;
	classes = {
	};
	objectVersion = 50;
	objects = {

/* Begin PBXBuildFile section */
		DCBE54DD2263CFF4003AC88A /* AppDelegate.swift in Sources */ = {isa = PBXBuildFile; fileRef = DCBE54DC2263CFF4003AC88A /* AppDelegate.swift */; };
		DCBE54DF2263CFF4003AC88A /* art.scnassets in Resources */ = {isa = PBXBuildFile; fileRef = DCBE54DE2263CFF4003AC88A /* art.scnassets */; };
		DCBE54E12263CFF4003AC88A /* ViewController.swift in Sources */ = {isa = PBXBuildFile; fileRef = DCBE54E02263CFF4003AC88A /* ViewController.swift */; };
		DCBE54E42263CFF4003AC88A /* Main.storyboard in Resources */ = {isa = PBXBuildFile; fileRef = DCBE54E22263CFF4003AC88A /* Main.storyboard */; };
		DCBE54E62263CFF6003AC88A /* Assets.xcassets in Resources */ = {isa = PBXBuildFile; fileRef = DCBE54E52263CFF6003AC88A /* Assets.xcassets */; };
		DCBE54E92263CFF6003AC88A /* LaunchScreen.storyboard in Resources */ = {isa = PBXBuildFile; fileRef = DCBE54E72263CFF6003AC88A /* LaunchScreen.storyboard */; };
/* End PBXBuildFile section */

/* Begin PBXFileReference section */
		DCBE54D92263CFF4003AC88A /* ARTouch.app */ = {isa = PBXFileReference; explicitFileType = wrapper.application; includeInIndex = 0; path = ARTouch.app; sourceTree = BUILT_PRODUCTS_DIR; };
		DCBE54DC2263CFF4003AC88A /* AppDelegate.swift */ = {isa = PBXFileReference; lastKnownFileType = sourcecode.swift; path = AppDelegate.swift; sourceTree = "<group>"; };
		DCBE54DE2263CFF4003AC88A /* art.scnassets */ = {isa = PBXFileReference; lastKnownFileType = wrapper.scnassets; path = art.scnassets; sourceTree = "<group>"; };
		DCBE54E02263CFF4003AC88A /* ViewController.swift */ = {isa = PBXFileReference; lastKnownFileType = sourcecode.swift; path = ViewController.swift; sourceTree = "<group>"; };
		DCBE54E32263CFF4003AC88A /* Base */ = {isa = PBXFileReference; lastKnownFileType = file.storyboard; name = Base; path = Base.lproj/Main.storyboard; sourceTree = "<group>"; };
		DCBE54E52263CFF6003AC88A /* Assets.xcassets */ = {isa = PBXFileReference; lastKnownFileType = folder.assetcatalog; path = Assets.xcassets; sourceTree = "<group>"; };
		DCBE54E82263CFF6003AC88A /* Base */ = {isa = PBXFileReference; lastKnownFileType = file.storyboard; name = Base; path = Base.lproj/LaunchScreen.storyboard; sourceTree = "<group>"; };
		DCBE54EA2263CFF6003AC88A /* Info.plist */ = {isa = PBXFileReference; lastKnownFileType = text.plist.xml; path = Info.plist; sourceTree = "<group>"; };
/* End PBXFileReference section */

/* Begin PBXFrameworksBuildPhase section */
		DCBE54D62263CFF4003AC88A /* Frameworks */ = {
			isa = PBXFrameworksBuildPhase;
			buildActionMask = 2147483647;
			files = (
			);
			runOnlyForDeploymentPostprocessing = 0;
		};
/* End PBXFrameworksBuildPhase section */

/* Begin PBXGroup section */
		DCBE54D02263CFF4003AC88A = {
			isa = PBXGroup;
			children = (
				DCBE54DB2263CFF4003AC88A /* ARTouch */,
				DCBE54DA2263CFF4003AC88A /* Products */,
			);
			sourceTree = "<group>";
		};
		DCBE54DA2263CFF4003AC88A /* Products */ = {
			isa = PBXGroup;
			children = (
				DCBE54D92263CFF4003AC88A /* ARTouch.app */,
			);
			name = Products;
			sourceTree = "<group>";
		};
		DCBE54DB2263CFF4003AC88A /* ARTouch */ = {
			isa = PBXGroup;
			children = (
				DCBE54DC2263CFF4003AC88A /* AppDelegate.swift */,
				DCBE54DE2263CFF4003AC88A /* art.scnassets */,
				DCBE54E02263CFF4003AC88A /* ViewController.swift */,
				DCBE54E22263CFF4003AC88A /* Main.storyboard */,
				DCBE54E52263CFF6003AC88A /* Assets.xcassets */,
				DCBE54E72263CFF6003AC88A /* LaunchScreen.storyboard */,
				DCBE54EA2263CFF6003AC88A /* Info.plist */,
			);
			path = ARTouch;
			sourceTree = "<group>";
		};
/* End PBXGroup section */

/* Begin PBXNativeTarget section */
		DCBE54D82263CFF4003AC88A /* ARTouch */ = {
			isa = PBXNativeTarget;
			buildConfigurationList = DCBE54ED2263CFF6003AC88A /* Build configuration list for PBXNativeTarget "ARTouch" */;
			buildPhases = (
				DCBE54D52263CFF4003AC88A /* Sources */,
				DCBE54D62263CFF4003AC88A /* Frameworks */,
				DCBE54D72263CFF4003AC88A /* Resources */,
			);
			buildRules = (
			);
			dependencies = (
			);
			name = ARTouch;
			productName = ARTouch;
			productReference = DCBE54D92263CFF4003AC88A /* ARTouch.app */;
			productType = "com.apple.product-type.application";
		};
/* End PBXNativeTarget section */

/* Begin PBXProject section */
		DCBE54D12263CFF4003AC88A /* Project object */ = {
			isa = PBXProject;
			attributes = {
				LastSwiftUpdateCheck = 1010;
				LastUpgradeCheck = 1010;
				ORGANIZATIONNAME = Brundage;
				TargetAttributes = {
					DCBE54D82263CFF4003AC88A = {
						CreatedOnToolsVersion = 10.1;
					};
				};
			};
			buildConfigurationList = DCBE54D42263CFF4003AC88A /* Build configuration list for PBXProject "ARTouch" */;
			compatibilityVersion = "Xcode 9.3";
			developmentRegion = en;
			hasScannedForEncodings = 0;
			knownRegions = (
				en,
				Base,
			);
			mainGroup = DCBE54D02263CFF4003AC88A;
			productRefGroup = DCBE54DA2263CFF4003AC88A /* Products */;
			projectDirPath = "";
			projectRoot = "";
			targets = (
				DCBE54D82263CFF4003AC88A /* ARTouch */,
			);
		};
/* End PBXProject section */

/* Begin PBXResourcesBuildPhase section */
		DCBE54D72263CFF4003AC88A /* Resources */ = {
			isa = PBXResourcesBuildPhase;
			buildActionMask = 2147483647;
			files = (
				DCBE54DF2263CFF4003AC88A /* art.scnassets in Resources */,
				DCBE54E92263CFF6003AC88A /* LaunchScreen.storyboard in Resources */,
				DCBE54E62263CFF6003AC88A /* Assets.xcassets in Resources */,
				DCBE54E42263CFF4003AC88A /* Main.storyboard in Resources */,
			);
			runOnlyForDeploymentPostprocessing = 0;
		};
/* End PBXResourcesBuildPhase section */

/* Begin PBXSourcesBuildPhase section */
		DCBE54D52263CFF4003AC88A /* Sources */ = {
			isa = PBXSourcesBuildPhase;
			buildActionMask = 2147483647;
			files = (
				DCBE54E12263CFF4003AC88A /* ViewController.swift in Sources */,
				DCBE54DD2263CFF4003AC88A /* AppDelegate.swift in Sources */,
			);
			runOnlyForDeploymentPostprocessing = 0;
		};
/* End PBXSourcesBuildPhase section */

/* Begin PBXVariantGroup section */
		DCBE54E22263CFF4003AC88A /* Main.storyboard */ = {
			isa = PBXVariantGroup;
			children = (
				DCBE54E32263CFF4003AC88A /* Base */,
			);
			name = Main.storyboard;
			sourceTree = "<group>";
		};
		DCBE54E72263CFF6003AC88A /* LaunchScreen.storyboard */ = {
			isa = PBXVariantGroup;
			children = (
				DCBE54E82263CFF6003AC88A /* Base */,
			);
			name = LaunchScreen.storyboard;
			sourceTree = "<group>";
		};
/* End PBXVariantGroup section */

/* Begin XCBuildConfiguration section */
		DCBE54EB2263CFF6003AC88A /* Debug */ = {
			isa = XCBuildConfiguration;
			buildSettings = {
				ALWAYS_SEARCH_USER_PATHS = NO;
				CLANG_ANALYZER_NONNULL = YES;
				CLANG_ANALYZER_NUMBER_OBJECT_CONVERSION = YES_AGGRESSIVE;
				CLANG_CXX_LANGUAGE_STANDARD = "gnu++14";
				CLANG_CXX_LIBRARY = "libc++";
				CLANG_ENABLE_MODULES = YES;
				CLANG_ENABLE_OBJC_ARC = YES;
				CLANG_ENABLE_OBJC_WEAK = YES;
				CLANG_WARN_BLOCK_CAPTURE_AUTORELEASING = YES;
				CLANG_WARN_BOOL_CONVERSION = YES;
				CLANG_WARN_COMMA = YES;
				CLANG_WARN_CONSTANT_CONVERSION = YES;
				CLANG_WARN_DEPRECATED_OBJC_IMPLEMENTATIONS = YES;
				CLANG_WARN_DIRECT_OBJC_ISA_USAGE = YES_ERROR;
				CLANG_WARN_DOCUMENTATION_COMMENTS = YES;
				CLANG_WARN_EMPTY_BODY = YES;
				CLANG_WARN_ENUM_CONVERSION = YES;
				CLANG_WARN_INFINITE_RECURSION = YES;
				CLANG_WARN_INT_CONVERSION = YES;
				CLANG_WARN_NON_LITERAL_NULL_CONVERSION = YES;
				CLANG_WARN_OBJC_IMPLICIT_RETAIN_SELF = YES;
				CLANG_WARN_OBJC_LITERAL_CONVERSION = YES;
				CLANG_WARN_OBJC_ROOT_CLASS = YES_ERROR;
				CLANG_WARN_RANGE_LOOP_ANALYSIS = YES;
				CLANG_WARN_STRICT_PROTOTYPES = YES;
				CLANG_WARN_SUSPICIOUS_MOVE = YES;
				CLANG_WARN_UNGUARDED_AVAILABILITY = YES_AGGRESSIVE;
				CLANG_WARN_UNREACHABLE_CODE = YES;
				CLANG_WARN__DUPLICATE_METHOD_MATCH = YES;
				CODE_SIGN_IDENTITY = "iPhone Developer";
				COPY_PHASE_STRIP = NO;
				DEBUG_INFORMATION_FORMAT = dwarf;
				ENABLE_STRICT_OBJC_MSGSEND = YES;
				ENABLE_TESTABILITY = YES;
				GCC_C_LANGUAGE_STANDARD = gnu11;
				GCC_DYNAMIC_NO_PIC = NO;
				GCC_NO_COMMON_BLOCKS = YES;
				GCC_OPTIMIZATION_LEVEL = 0;
				GCC_PREPROCESSOR_DEFINITIONS = (
					"DEBUG=1",
					"$(inherited)",
				);
				GCC_WARN_64_TO_32_BIT_CONVERSION = YES;
				GCC_WARN_ABOUT_RETURN_TYPE = YES_ERROR;
				GCC_WARN_UNDECLARED_SELECTOR = YES;
				GCC_WARN_UNINITIALIZED_AUTOS = YES_AGGRESSIVE;
				GCC_WARN_UNUSED_FUNCTION = YES;
				GCC_WARN_UNUSED_VARIABLE = YES;
				IPHONEOS_DEPLOYMENT_TARGET = 12.1;
				MTL_ENABLE_DEBUG_INFO = INCLUDE_SOURCE;
				MTL_FAST_MATH = YES;
				ONLY_ACTIVE_ARCH = YES;
				SDKROOT = iphoneos;
				SWIFT_ACTIVE_COMPILATION_CONDITIONS = DEBUG;
				SWIFT_OPTIMIZATION_LEVEL = "-Onone";
			};
			name = Debug;
		};
		DCBE54EC2263CFF6003AC88A /* Release */ = {
			isa = XCBuildConfiguration;
			buildSettings = {
				ALWAYS_SEARCH_USER_PATHS = NO;
				CLANG_ANALYZER_NONNULL = YES;
				CLANG_ANALYZER_NUMBER_OBJECT_CONVERSION = YES_AGGRESSIVE;
				CLANG_CXX_LANGUAGE_STANDARD = "gnu++14";
				CLANG_CXX_LIBRARY = "libc++";
				CLANG_ENABLE_MODULES = YES;
				CLANG_ENABLE_OBJC_ARC = YES;
				CLANG_ENABLE_OBJC_WEAK = YES;
				CLANG_WARN_BLOCK_CAPTURE_AUTORELEASING = YES;
				CLANG_WARN_BOOL_CONVERSION = YES;
				CLANG_WARN_COMMA = YES;
				CLANG_WARN_CONSTANT_CONVERSION = YES;
				CLANG_WARN_DEPRECATED_OBJC_IMPLEMENTATIONS = YES;
				CLANG_WARN_DIRECT_OBJC_ISA_USAGE = YES_ERROR;
				CLANG_WARN_DOCUMENTATION_COMMENTS = YES;
				CLANG_WARN_EMPTY_BODY = YES;
				CLANG_WARN_ENUM_CONVERSION = YES;
				CLANG_WARN_INFINITE_RECURSION = YES;
				CLANG_WARN_INT_CONVERSION = YES;
				CLANG_WARN_NON_LITERAL_NULL_CONVERSION = YES;
				CLANG_WARN_OBJC_IMPLICIT_RETAIN_SELF = YES;
				CLANG_WARN_OBJC_LITERAL_CONVERSION = YES;
				CLANG_WARN_OBJC_ROOT_CLASS = YES_ERROR;
				CLANG_WARN_RANGE_LOOP_ANALYSIS = YES;
				CLANG_WARN_STRICT_PROTOTYPES = YES;
				CLANG_WARN_SUSPICIOUS_MOVE = YES;
				CLANG_WARN_UNGUARDED_AVAILABILITY = YES_AGGRESSIVE;
				CLANG_WARN_UNREACHABLE_CODE = YES;
				CLANG_WARN__DUPLICATE_METHOD_MATCH = YES;
				CODE_SIGN_IDENTITY = "iPhone Developer";
				COPY_PHASE_STRIP = NO;
				DEBUG_INFORMATION_FORMAT = "dwarf-with-dsym";
				ENABLE_NS_ASSERTIONS = NO;
				ENABLE_STRICT_OBJC_MSGSEND = YES;
				GCC_C_LANGUAGE_STANDARD = gnu11;
				GCC_NO_COMMON_BLOCKS = YES;
				GCC_WARN_64_TO_32_BIT_CONVERSION = YES;
				GCC_WARN_ABOUT_RETURN_TYPE = YES_ERROR;
				GCC_WARN_UNDECLARED_SELECTOR = YES;
				GCC_WARN_UNINITIALIZED_AUTOS = YES_AGGRESSIVE;
				GCC_WARN_UNUSED_FUNCTION = YES;
				GCC_WARN_UNUSED_VARIABLE = YES;
				IPHONEOS_DEPLOYMENT_TARGET = 12.1;
				MTL_ENABLE_DEBUG_INFO = NO;
				MTL_FAST_MATH = YES;
				SDKROOT = iphoneos;
				SWIFT_COMPILATION_MODE = wholemodule;
				SWIFT_OPTIMIZATION_LEVEL = "-O";
				VALIDATE_PRODUCT = YES;
			};
			name = Release;
		};
		DCBE54EE2263CFF6003AC88A /* Debug */ = {
			isa = XCBuildConfiguration;
			buildSettings = {
				ASSETCATALOG_COMPILER_APPICON_NAME = AppIcon;
				CODE_SIGN_STYLE = Automatic;
				DEVELOPMENT_TEAM = J7U54B96T9;
				INFOPLIST_FILE = ARTouch/Info.plist;
				LD_RUNPATH_SEARCH_PATHS = (
					"$(inherited)",
					"@executable_path/Frameworks",
				);
				PRODUCT_BUNDLE_IDENTIFIER = com.BrundageCo.ARTouch;
				PRODUCT_NAME = "$(TARGET_NAME)";
				SWIFT_VERSION = 4.2;
				TARGETED_DEVICE_FAMILY = "1,2";
			};
			name = Debug;
		};
		DCBE54EF2263CFF6003AC88A /* Release */ = {
			isa = XCBuildConfiguration;
			buildSettings = {
				ASSETCATALOG_COMPILER_APPICON_NAME = AppIcon;
				CODE_SIGN_STYLE = Automatic;
				DEVELOPMENT_TEAM = J7U54B96T9;
				INFOPLIST_FILE = ARTouch/Info.plist;
				LD_RUNPATH_SEARCH_PATHS = (
					"$(inherited)",
					"@executable_path/Frameworks",
				);
				PRODUCT_BUNDLE_IDENTIFIER = com.BrundageCo.ARTouch;
				PRODUCT_NAME = "$(TARGET_NAME)";
				SWIFT_VERSION = 4.2;
				TARGETED_DEVICE_FAMILY = "1,2";
			};
			name = Release;
		};
/* End XCBuildConfiguration section */

/* Begin XCConfigurationList section */
		DCBE54D42263CFF4003AC88A /* Build configuration list for PBXProject "ARTouch" */ = {
			isa = XCConfigurationList;
			buildConfigurations = (
				DCBE54EB2263CFF6003AC88A /* Debug */,
				DCBE54EC2263CFF6003AC88A /* Release */,
			);
			defaultConfigurationIsVisible = 0;
			defaultConfigurationName = Release;
		};
		DCBE54ED2263CFF6003AC88A /* Build configuration list for PBXNativeTarget "ARTouch" */ = {
			isa = XCConfigurationList;
			buildConfigurations = (
				DCBE54EE2263CFF6003AC88A /* Debug */,
				DCBE54EF2263CFF6003AC88A /* Release */,
			);
			defaultConfigurationIsVisible = 0;
			defaultConfigurationName = Release;
		};
/* End XCConfigurationList section */
	};
	rootObject = DCBE54D12263CFF4003AC88A /* Project object */;
}
